
Microsoft Visual Studio Solution File, Format Version 12.00
# Visual Studio Version 17
VisualStudioVersion = 17.0.32112.339
MinimumVisualStudioVersion = 10.0.40219.1
Project("{2150E333-8FDC-42A3-9474-1A3956D46DE8}") = "Samples", "Samples", "{21B9EA62-BEFB-4A1F-83C0-94406F41E70D}"
EndProject
Project("{9A19103F-16F7-4668-BE54-9A1E7A4F7556}") = "NeumorSample", "Samples\NeumorSample\NeumorSample.csproj", "{6B105F12-34D8-40DA-B83E-FBA63CA32A7C}"
EndProject
Project("{9A19103F-16F7-4668-BE54-9A1E7A4F7556}") = "NeumorSample.NetCore", "Samples\NeumorSample.NetCore\NeumorSample.NetCore.csproj", "{33F92E25-CE03-436E-8581-A71038F31DFB}"
EndProject
Project("{9A19103F-16F7-4668-BE54-9A1E7A4F7556}") = "NeumorSample.Web", "Samples\NeumorSample.Web\NeumorSample.Web.csproj", "{0373F0F6-D922-4F6B-83F1-B4111BC28294}"
EndProject
Project("{9A19103F-16F7-4668-BE54-9A1E7A4F7556}") = "Aura.UI.Neumorphism", "src\Aura.UI.Neumorphism\Aura.UI.Neumorphism.csproj", "{8DDF1E64-9A1F-411D-AB1B-CAEFB1FAEEBA}"
EndProject
Project("{2150E333-8FDC-42A3-9474-1A3956D46DE8}") = "build", "build", "{A615473F-3D16-4F4B-BA5D-97ACF21DA13D}"
	ProjectSection(SolutionItems) = preProject
		build\version.props = build\version.props
	EndProjectSection
EndProject
Project("{FAE04EC0-301F-11D3-BF4B-00C04F79EFBC}") = "Aura.UI.Neumorphism.Gallery", "Samples\Aura.UI.Neumorphism.Gallery\Aura.UI.Neumorphism.Gallery.csproj", "{5E7EC130-7864-4923-BD5C-75772E37FB4F}"
EndProject
Project("{2150E333-8FDC-42A3-9474-1A3956D46DE8}") = "external", "external", "{6C7D7F14-1DCC-4272-9608-D0E5741B627E}"
EndProject
Global
	GlobalSection(SolutionConfigurationPlatforms) = preSolution
		Debug|Any CPU = Debug|Any CPU
		Release|Any CPU = Release|Any CPU
	EndGlobalSection
	GlobalSection(ProjectConfigurationPlatforms) = postSolution
		{6B105F12-34D8-40DA-B83E-FBA63CA32A7C}.Debug|Any CPU.ActiveCfg = Debug|Any CPU
		{6B105F12-34D8-40DA-B83E-FBA63CA32A7C}.Debug|Any CPU.Build.0 = Debug|Any CPU
		{6B105F12-34D8-40DA-B83E-FBA63CA32A7C}.Release|Any CPU.ActiveCfg = Release|Any CPU
		{6B105F12-34D8-40DA-B83E-FBA63CA32A7C}.Release|Any CPU.Build.0 = Release|Any CPU
		{33F92E25-CE03-436E-8581-A71038F31DFB}.Debug|Any CPU.ActiveCfg = Debug|Any CPU
		{33F92E25-CE03-436E-8581-A71038F31DFB}.Debug|Any CPU.Build.0 = Debug|Any CPU
		{33F92E25-CE03-436E-8581-A71038F31DFB}.Release|Any CPU.ActiveCfg = Release|Any CPU
		{33F92E25-CE03-436E-8581-A71038F31DFB}.Release|Any CPU.Build.0 = Release|Any CPU
		{0373F0F6-D922-4F6B-83F1-B4111BC28294}.Debug|Any CPU.ActiveCfg = Debug|Any CPU
		{0373F0F6-D922-4F6B-83F1-B4111BC28294}.Debug|Any CPU.Build.0 = Debug|Any CPU
		{0373F0F6-D922-4F6B-83F1-B4111BC28294}.Release|Any CPU.ActiveCfg = Release|Any CPU
		{0373F0F6-D922-4F6B-83F1-B4111BC28294}.Release|Any CPU.Build.0 = Release|Any CPU
		{8DDF1E64-9A1F-411D-AB1B-CAEFB1FAEEBA}.Debug|Any CPU.ActiveCfg = Debug|Any CPU
		{8DDF1E64-9A1F-411D-AB1B-CAEFB1FAEEBA}.Debug|Any CPU.Build.0 = Debug|Any CPU
		{8DDF1E64-9A1F-411D-AB1B-CAEFB1FAEEBA}.Release|Any CPU.ActiveCfg = Release|Any CPU
		{8DDF1E64-9A1F-411D-AB1B-CAEFB1FAEEBA}.Release|Any CPU.Build.0 = Release|Any CPU
		{5E7EC130-7864-4923-BD5C-75772E37FB4F}.Debug|Any CPU.ActiveCfg = Debug|Any CPU
		{5E7EC130-7864-4923-BD5C-75772E37FB4F}.Debug|Any CPU.Build.0 = Debug|Any CPU
		{5E7EC130-7864-4923-BD5C-75772E37FB4F}.Release|Any CPU.ActiveCfg = Release|Any CPU
		{5E7EC130-7864-4923-BD5C-75772E37FB4F}.Release|Any CPU.Build.0 = Release|Any CPU
	EndGlobalSection
	GlobalSection(SolutionProperties) = preSolution
		HideSolutionNode = FALSE
	EndGlobalSection
	GlobalSection(NestedProjects) = preSolution
		{6B105F12-34D8-40DA-B83E-FBA63CA32A7C} = {21B9EA62-BEFB-4A1F-83C0-94406F41E70D}
		{33F92E25-CE03-436E-8581-A71038F31DFB} = {21B9EA62-BEFB-4A1F-83C0-94406F41E70D}
		{0373F0F6-D922-4F6B-83F1-B4111BC28294} = {21B9EA62-BEFB-4A1F-83C0-94406F41E70D}
		{5E7EC130-7864-4923-BD5C-75772E37FB4F} = {21B9EA62-BEFB-4A1F-83C0-94406F41E70D}
	EndGlobalSection
	GlobalSection(ExtensibilityGlobals) = postSolution
		SolutionGuid = {EC21377C-6792-4DC7-BB5F-71E9A1A64DCE}
	EndGlobalSection
EndGlobal
